// !$*UTF8*$!
{
	archiveVersion = 1;
	classes = {
	};
	objectVersion = 56;
	objects = {

/* Begin PBXBuildFile section */
		C06677332942669E00BB5B7E /* MainView.swift in Sources */ = {isa = PBXBuildFile; fileRef = C06677322942669E00BB5B7E /* MainView.swift */; };
		C066773629426FFE00BB5B7E /* MarkProBold.ttf in Resources */ = {isa = PBXBuildFile; fileRef = C066773529426FFE00BB5B7E /* MarkProBold.ttf */; };
		C06677382942701600BB5B7E /* MarkPro.ttf in Resources */ = {isa = PBXBuildFile; fileRef = C06677372942701600BB5B7E /* MarkPro.ttf */; };
		C066773A2942708800BB5B7E /* MarkProMedium.ttf in Resources */ = {isa = PBXBuildFile; fileRef = C06677392942708800BB5B7E /* MarkProMedium.ttf */; };
		C066773C294270C300BB5B7E /* MarkProHeavy.ttf in Resources */ = {isa = PBXBuildFile; fileRef = C066773B294270C300BB5B7E /* MarkProHeavy.ttf */; };
		C066773E294271B600BB5B7E /* Fonts.swift in Sources */ = {isa = PBXBuildFile; fileRef = C066773D294271B600BB5B7E /* Fonts.swift */; };
		C0B40A552941F98E00A1FDFB /* AppDelegate.swift in Sources */ = {isa = PBXBuildFile; fileRef = C0B40A542941F98E00A1FDFB /* AppDelegate.swift */; };
		C0B40A572941F98E00A1FDFB /* SceneDelegate.swift in Sources */ = {isa = PBXBuildFile; fileRef = C0B40A562941F98E00A1FDFB /* SceneDelegate.swift */; };
		C0B40A592941F98E00A1FDFB /* MainController.swift in Sources */ = {isa = PBXBuildFile; fileRef = C0B40A582941F98E00A1FDFB /* MainController.swift */; };
		C0B40A5E2941F98F00A1FDFB /* Assets.xcassets in Resources */ = {isa = PBXBuildFile; fileRef = C0B40A5D2941F98F00A1FDFB /* Assets.xcassets */; };
		C0B40A612941F98F00A1FDFB /* LaunchScreen.storyboard in Resources */ = {isa = PBXBuildFile; fileRef = C0B40A5F2941F98F00A1FDFB /* LaunchScreen.storyboard */; };
		C0B40A6A2941FD1000A1FDFB /* NYKit in Frameworks */ = {isa = PBXBuildFile; productRef = C0B40A692941FD1000A1FDFB /* NYKit */; };
/* End PBXBuildFile section */

/* Begin PBXFileReference section */
		C06677322942669E00BB5B7E /* MainView.swift */ = {isa = PBXFileReference; lastKnownFileType = sourcecode.swift; path = MainView.swift; sourceTree = "<group>"; };
		C066773529426FFE00BB5B7E /* MarkProBold.ttf */ = {isa = PBXFileReference; lastKnownFileType = file; path = MarkProBold.ttf; sourceTree = "<group>"; };
		C06677372942701600BB5B7E /* MarkPro.ttf */ = {isa = PBXFileReference; lastKnownFileType = file; path = MarkPro.ttf; sourceTree = "<group>"; };
		C06677392942708800BB5B7E /* MarkProMedium.ttf */ = {isa = PBXFileReference; lastKnownFileType = file; path = MarkProMedium.ttf; sourceTree = "<group>"; };
		C066773B294270C300BB5B7E /* MarkProHeavy.ttf */ = {isa = PBXFileReference; lastKnownFileType = file; path = MarkProHeavy.ttf; sourceTree = "<group>"; };
		C066773D294271B600BB5B7E /* Fonts.swift */ = {isa = PBXFileReference; lastKnownFileType = sourcecode.swift; path = Fonts.swift; sourceTree = "<group>"; };
		C0B40A512941F98E00A1FDFB /* Phone Marketplace (test).app */ = {isa = PBXFileReference; explicitFileType = wrapper.application; includeInIndex = 0; path = "Phone Marketplace (test).app"; sourceTree = BUILT_PRODUCTS_DIR; };
		C0B40A542941F98E00A1FDFB /* AppDelegate.swift */ = {isa = PBXFileReference; lastKnownFileType = sourcecode.swift; path = AppDelegate.swift; sourceTree = "<group>"; };
		C0B40A562941F98E00A1FDFB /* SceneDelegate.swift */ = {isa = PBXFileReference; lastKnownFileType = sourcecode.swift; path = SceneDelegate.swift; sourceTree = "<group>"; };
		C0B40A582941F98E00A1FDFB /* MainController.swift */ = {isa = PBXFileReference; lastKnownFileType = sourcecode.swift; path = MainController.swift; sourceTree = "<group>"; };
		C0B40A5D2941F98F00A1FDFB /* Assets.xcassets */ = {isa = PBXFileReference; lastKnownFileType = folder.assetcatalog; path = Assets.xcassets; sourceTree = "<group>"; };
		C0B40A602941F98F00A1FDFB /* Base */ = {isa = PBXFileReference; lastKnownFileType = file.storyboard; name = Base; path = Base.lproj/LaunchScreen.storyboard; sourceTree = "<group>"; };
		C0B40A622941F98F00A1FDFB /* Info.plist */ = {isa = PBXFileReference; lastKnownFileType = text.plist.xml; path = Info.plist; sourceTree = "<group>"; };
/* End PBXFileReference section */

/* Begin PBXFrameworksBuildPhase section */
		C0B40A4E2941F98E00A1FDFB /* Frameworks */ = {
			isa = PBXFrameworksBuildPhase;
			buildActionMask = 2147483647;
			files = (
				C0B40A6A2941FD1000A1FDFB /* NYKit in Frameworks */,
			);
			runOnlyForDeploymentPostprocessing = 0;
		};
/* End PBXFrameworksBuildPhase section */

/* Begin PBXGroup section */
		C06677302942664C00BB5B7E /* Main */ = {
			isa = PBXGroup;
			children = (
				C0B40A582941F98E00A1FDFB /* MainController.swift */,
				C06677322942669E00BB5B7E /* MainView.swift */,
			);
			path = Main;
			sourceTree = "<group>";
		};
		C066773429426FE300BB5B7E /* Fonts */ = {
			isa = PBXGroup;
			children = (
				C06677372942701600BB5B7E /* MarkPro.ttf */,
				C06677392942708800BB5B7E /* MarkProMedium.ttf */,
				C066773B294270C300BB5B7E /* MarkProHeavy.ttf */,
				C066773529426FFE00BB5B7E /* MarkProBold.ttf */,
				C066773D294271B600BB5B7E /* Fonts.swift */,
			);
			path = Fonts;
			sourceTree = "<group>";
		};
		C0B40A482941F98E00A1FDFB = {
			isa = PBXGroup;
			children = (
				C0B40A532941F98E00A1FDFB /* Phone Marketplace (test) */,
				C0B40A522941F98E00A1FDFB /* Products */,
			);
			sourceTree = "<group>";
		};
		C0B40A522941F98E00A1FDFB /* Products */ = {
			isa = PBXGroup;
			children = (
				C0B40A512941F98E00A1FDFB /* Phone Marketplace (test).app */,
			);
			name = Products;
			sourceTree = "<group>";
		};
		C0B40A532941F98E00A1FDFB /* Phone Marketplace (test) */ = {
			isa = PBXGroup;
			children = (
				C0B40A6B2942654A00A1FDFB /* App */,
				C0B40A6E294265C800A1FDFB /* UI */,
			);
			path = "Phone Marketplace (test)";
			sourceTree = "<group>";
		};
		C0B40A6B2942654A00A1FDFB /* App */ = {
			isa = PBXGroup;
			children = (
				C0B40A542941F98E00A1FDFB /* AppDelegate.swift */,
				C0B40A562941F98E00A1FDFB /* SceneDelegate.swift */,
			);
			path = App;
			sourceTree = "<group>";
		};
		C0B40A6C2942657500A1FDFB /* Resources */ = {
			isa = PBXGroup;
			children = (
				C066773429426FE300BB5B7E /* Fonts */,
				C0B40A5D2941F98F00A1FDFB /* Assets.xcassets */,
				C0B40A5F2941F98F00A1FDFB /* LaunchScreen.storyboard */,
				C0B40A622941F98F00A1FDFB /* Info.plist */,
			);
			path = Resources;
			sourceTree = "<group>";
		};
		C0B40A6D2942659100A1FDFB /* Sources */ = {
			isa = PBXGroup;
			children = (
				C06677302942664C00BB5B7E /* Main */,
			);
			path = Sources;
			sourceTree = "<group>";
		};
		C0B40A6E294265C800A1FDFB /* UI */ = {
			isa = PBXGroup;
			children = (
				C0B40A6C2942657500A1FDFB /* Resources */,
				C0B40A6D2942659100A1FDFB /* Sources */,
			);
			path = UI;
			sourceTree = "<group>";
		};
/* End PBXGroup section */

/* Begin PBXNativeTarget section */
		C0B40A502941F98E00A1FDFB /* Phone Marketplace (test) */ = {
			isa = PBXNativeTarget;
			buildConfigurationList = C0B40A652941F98F00A1FDFB /* Build configuration list for PBXNativeTarget "Phone Marketplace (test)" */;
			buildPhases = (
				C0B40A4D2941F98E00A1FDFB /* Sources */,
				C0B40A4E2941F98E00A1FDFB /* Frameworks */,
				C0B40A4F2941F98E00A1FDFB /* Resources */,
			);
			buildRules = (
			);
			dependencies = (
			);
			name = "Phone Marketplace (test)";
			packageProductDependencies = (
				C0B40A692941FD1000A1FDFB /* NYKit */,
			);
			productName = "Phone Marketplace (test)";
			productReference = C0B40A512941F98E00A1FDFB /* Phone Marketplace (test).app */;
			productType = "com.apple.product-type.application";
		};
/* End PBXNativeTarget section */

/* Begin PBXProject section */
		C0B40A492941F98E00A1FDFB /* Project object */ = {
			isa = PBXProject;
			attributes = {
				BuildIndependentTargetsInParallel = 1;
				LastSwiftUpdateCheck = 1400;
				LastUpgradeCheck = 1400;
				TargetAttributes = {
					C0B40A502941F98E00A1FDFB = {
						CreatedOnToolsVersion = 14.0.1;
					};
				};
			};
			buildConfigurationList = C0B40A4C2941F98E00A1FDFB /* Build configuration list for PBXProject "Phone Marketplace (test)" */;
			compatibilityVersion = "Xcode 14.0";
			developmentRegion = en;
			hasScannedForEncodings = 0;
			knownRegions = (
				en,
				Base,
			);
			mainGroup = C0B40A482941F98E00A1FDFB;
			packageReferences = (
				C0B40A682941FD1000A1FDFB /* XCRemoteSwiftPackageReference "NYKit" */,
			);
			productRefGroup = C0B40A522941F98E00A1FDFB /* Products */;
			projectDirPath = "";
			projectRoot = "";
			targets = (
				C0B40A502941F98E00A1FDFB /* Phone Marketplace (test) */,
			);
		};
/* End PBXProject section */

/* Begin PBXResourcesBuildPhase section */
		C0B40A4F2941F98E00A1FDFB /* Resources */ = {
			isa = PBXResourcesBuildPhase;
			buildActionMask = 2147483647;
			files = (
				C06677382942701600BB5B7E /* MarkPro.ttf in Resources */,
				C066773629426FFE00BB5B7E /* MarkProBold.ttf in Resources */,
				C066773A2942708800BB5B7E /* MarkProMedium.ttf in Resources */,
				C066773C294270C300BB5B7E /* MarkProHeavy.ttf in Resources */,
				C0B40A612941F98F00A1FDFB /* LaunchScreen.storyboard in Resources */,
				C0B40A5E2941F98F00A1FDFB /* Assets.xcassets in Resources */,
			);
			runOnlyForDeploymentPostprocessing = 0;
		};
/* End PBXResourcesBuildPhase section */

/* Begin PBXSourcesBuildPhase section */
		C0B40A4D2941F98E00A1FDFB /* Sources */ = {
			isa = PBXSourcesBuildPhase;
			buildActionMask = 2147483647;
			files = (
				C0B40A592941F98E00A1FDFB /* MainController.swift in Sources */,
				C066773E294271B600BB5B7E /* Fonts.swift in Sources */,
				C06677332942669E00BB5B7E /* MainView.swift in Sources */,
				C0B40A552941F98E00A1FDFB /* AppDelegate.swift in Sources */,
				C0B40A572941F98E00A1FDFB /* SceneDelegate.swift in Sources */,
			);
			runOnlyForDeploymentPostprocessing = 0;
		};
/* End PBXSourcesBuildPhase section */

/* Begin PBXVariantGroup section */
		C0B40A5F2941F98F00A1FDFB /* LaunchScreen.storyboard */ = {
			isa = PBXVariantGroup;
			children = (
				C0B40A602941F98F00A1FDFB /* Base */,
			);
			name = LaunchScreen.storyboard;
			sourceTree = "<group>";
		};
/* End PBXVariantGroup section */

/* Begin XCBuildConfiguration section */
		C0B40A632941F98F00A1FDFB /* Debug */ = {
			isa = XCBuildConfiguration;
			buildSettings = {
				ALWAYS_SEARCH_USER_PATHS = NO;
				CLANG_ANALYZER_NONNULL = YES;
				CLANG_ANALYZER_NUMBER_OBJECT_CONVERSION = YES_AGGRESSIVE;
				CLANG_CXX_LANGUAGE_STANDARD = "gnu++20";
				CLANG_ENABLE_MODULES = YES;
				CLANG_ENABLE_OBJC_ARC = YES;
				CLANG_ENABLE_OBJC_WEAK = YES;
				CLANG_WARN_BLOCK_CAPTURE_AUTORELEASING = YES;
				CLANG_WARN_BOOL_CONVERSION = YES;
				CLANG_WARN_COMMA = YES;
				CLANG_WARN_CONSTANT_CONVERSION = YES;
				CLANG_WARN_DEPRECATED_OBJC_IMPLEMENTATIONS = YES;
				CLANG_WARN_DIRECT_OBJC_ISA_USAGE = YES_ERROR;
				CLANG_WARN_DOCUMENTATION_COMMENTS = YES;
				CLANG_WARN_EMPTY_BODY = YES;
				CLANG_WARN_ENUM_CONVERSION = YES;
				CLANG_WARN_INFINITE_RECURSION = YES;
				CLANG_WARN_INT_CONVERSION = YES;
				CLANG_WARN_NON_LITERAL_NULL_CONVERSION = YES;
				CLANG_WARN_OBJC_IMPLICIT_RETAIN_SELF = YES;
				CLANG_WARN_OBJC_LITERAL_CONVERSION = YES;
				CLANG_WARN_OBJC_ROOT_CLASS = YES_ERROR;
				CLANG_WARN_QUOTED_INCLUDE_IN_FRAMEWORK_HEADER = YES;
				CLANG_WARN_RANGE_LOOP_ANALYSIS = YES;
				CLANG_WARN_STRICT_PROTOTYPES = YES;
				CLANG_WARN_SUSPICIOUS_MOVE = YES;
				CLANG_WARN_UNGUARDED_AVAILABILITY = YES_AGGRESSIVE;
				CLANG_WARN_UNREACHABLE_CODE = YES;
				CLANG_WARN__DUPLICATE_METHOD_MATCH = YES;
				COPY_PHASE_STRIP = NO;
				DEBUG_INFORMATION_FORMAT = dwarf;
				ENABLE_STRICT_OBJC_MSGSEND = YES;
				ENABLE_TESTABILITY = YES;
				GCC_C_LANGUAGE_STANDARD = gnu11;
				GCC_DYNAMIC_NO_PIC = NO;
				GCC_NO_COMMON_BLOCKS = YES;
				GCC_OPTIMIZATION_LEVEL = 0;
				GCC_PREPROCESSOR_DEFINITIONS = (
					"DEBUG=1",
					"$(inherited)",
				);
				GCC_WARN_64_TO_32_BIT_CONVERSION = YES;
				GCC_WARN_ABOUT_RETURN_TYPE = YES_ERROR;
				GCC_WARN_UNDECLARED_SELECTOR = YES;
				GCC_WARN_UNINITIALIZED_AUTOS = YES_AGGRESSIVE;
				GCC_WARN_UNUSED_FUNCTION = YES;
				GCC_WARN_UNUSED_VARIABLE = YES;
				IPHONEOS_DEPLOYMENT_TARGET = 16.0;
				MTL_ENABLE_DEBUG_INFO = INCLUDE_SOURCE;
				MTL_FAST_MATH = YES;
				ONLY_ACTIVE_ARCH = YES;
				SDKROOT = iphoneos;
				SWIFT_ACTIVE_COMPILATION_CONDITIONS = DEBUG;
				SWIFT_OPTIMIZATION_LEVEL = "-Onone";
			};
			name = Debug;
		};
		C0B40A642941F98F00A1FDFB /* Release */ = {
			isa = XCBuildConfiguration;
			buildSettings = {
				ALWAYS_SEARCH_USER_PATHS = NO;
				CLANG_ANALYZER_NONNULL = YES;
				CLANG_ANALYZER_NUMBER_OBJECT_CONVERSION = YES_AGGRESSIVE;
				CLANG_CXX_LANGUAGE_STANDARD = "gnu++20";
				CLANG_ENABLE_MODULES = YES;
				CLANG_ENABLE_OBJC_ARC = YES;
				CLANG_ENABLE_OBJC_WEAK = YES;
				CLANG_WARN_BLOCK_CAPTURE_AUTORELEASING = YES;
				CLANG_WARN_BOOL_CONVERSION = YES;
				CLANG_WARN_COMMA = YES;
				CLANG_WARN_CONSTANT_CONVERSION = YES;
				CLANG_WARN_DEPRECATED_OBJC_IMPLEMENTATIONS = YES;
				CLANG_WARN_DIRECT_OBJC_ISA_USAGE = YES_ERROR;
				CLANG_WARN_DOCUMENTATION_COMMENTS = YES;
				CLANG_WARN_EMPTY_BODY = YES;
				CLANG_WARN_ENUM_CONVERSION = YES;
				CLANG_WARN_INFINITE_RECURSION = YES;
				CLANG_WARN_INT_CONVERSION = YES;
				CLANG_WARN_NON_LITERAL_NULL_CONVERSION = YES;
				CLANG_WARN_OBJC_IMPLICIT_RETAIN_SELF = YES;
				CLANG_WARN_OBJC_LITERAL_CONVERSION = YES;
				CLANG_WARN_OBJC_ROOT_CLASS = YES_ERROR;
				CLANG_WARN_QUOTED_INCLUDE_IN_FRAMEWORK_HEADER = YES;
				CLANG_WARN_RANGE_LOOP_ANALYSIS = YES;
				CLANG_WARN_STRICT_PROTOTYPES = YES;
				CLANG_WARN_SUSPICIOUS_MOVE = YES;
				CLANG_WARN_UNGUARDED_AVAILABILITY = YES_AGGRESSIVE;
				CLANG_WARN_UNREACHABLE_CODE = YES;
				CLANG_WARN__DUPLICATE_METHOD_MATCH = YES;
				COPY_PHASE_STRIP = NO;
				DEBUG_INFORMATION_FORMAT = "dwarf-with-dsym";
				ENABLE_NS_ASSERTIONS = NO;
				ENABLE_STRICT_OBJC_MSGSEND = YES;
				GCC_C_LANGUAGE_STANDARD = gnu11;
				GCC_NO_COMMON_BLOCKS = YES;
				GCC_WARN_64_TO_32_BIT_CONVERSION = YES;
				GCC_WARN_ABOUT_RETURN_TYPE = YES_ERROR;
				GCC_WARN_UNDECLARED_SELECTOR = YES;
				GCC_WARN_UNINITIALIZED_AUTOS = YES_AGGRESSIVE;
				GCC_WARN_UNUSED_FUNCTION = YES;
				GCC_WARN_UNUSED_VARIABLE = YES;
				IPHONEOS_DEPLOYMENT_TARGET = 16.0;
				MTL_ENABLE_DEBUG_INFO = NO;
				MTL_FAST_MATH = YES;
				SDKROOT = iphoneos;
				SWIFT_COMPILATION_MODE = wholemodule;
				SWIFT_OPTIMIZATION_LEVEL = "-O";
				VALIDATE_PRODUCT = YES;
			};
			name = Release;
		};
		C0B40A662941F98F00A1FDFB /* Debug */ = {
			isa = XCBuildConfiguration;
			buildSettings = {
				ASSETCATALOG_COMPILER_APPICON_NAME = AppIcon;
				ASSETCATALOG_COMPILER_GLOBAL_ACCENT_COLOR_NAME = AccentColor;
				CODE_SIGN_STYLE = Automatic;
				CURRENT_PROJECT_VERSION = 1;
				GENERATE_INFOPLIST_FILE = YES;
				INFOPLIST_FILE = "Phone Marketplace (test)/UI/Resources/Info.plist";
				INFOPLIST_KEY_UIApplicationSupportsIndirectInputEvents = YES;
				INFOPLIST_KEY_UILaunchStoryboardName = LaunchScreen;
				INFOPLIST_KEY_UIMainStoryboardFile = "";
				INFOPLIST_KEY_UISupportedInterfaceOrientations_iPad = "UIInterfaceOrientationPortrait UIInterfaceOrientationPortraitUpsideDown UIInterfaceOrientationLandscapeLeft UIInterfaceOrientationLandscapeRight";
				INFOPLIST_KEY_UISupportedInterfaceOrientations_iPhone = "UIInterfaceOrientationPortrait UIInterfaceOrientationLandscapeLeft UIInterfaceOrientationLandscapeRight";
				IPHONEOS_DEPLOYMENT_TARGET = 14.0;
				LD_RUNPATH_SEARCH_PATHS = (
					"$(inherited)",
					"@executable_path/Frameworks",
				);
				MARKETING_VERSION = 1.0;
				PRODUCT_BUNDLE_IDENTIFIER = "com.islomiddinagzamov.Phone-Marketplace--test-";
				PRODUCT_NAME = "$(TARGET_NAME)";
				SWIFT_EMIT_LOC_STRINGS = YES;
				SWIFT_VERSION = 5.0;
				TARGETED_DEVICE_FAMILY = "1,2";
			};
			name = Debug;
		};
		C0B40A672941F98F00A1FDFB /* Release */ = {
			isa = XCBuildConfiguration;
			buildSettings = {
				ASSETCATALOG_COMPILER_APPICON_NAME = AppIcon;
				ASSETCATALOG_COMPILER_GLOBAL_ACCENT_COLOR_NAME = AccentColor;
				CODE_SIGN_STYLE = Automatic;
				CURRENT_PROJECT_VERSION = 1;
				GENERATE_INFOPLIST_FILE = YES;
				INFOPLIST_FILE = "Phone Marketplace (test)/UI/Resources/Info.plist";
				INFOPLIST_KEY_UIApplicationSupportsIndirectInputEvents = YES;
				INFOPLIST_KEY_UILaunchStoryboardName = LaunchScreen;
				INFOPLIST_KEY_UIMainStoryboardFile = "";
				INFOPLIST_KEY_UISupportedInterfaceOrientations_iPad = "UIInterfaceOrientationPortrait UIInterfaceOrientationPortraitUpsideDown UIInterfaceOrientationLandscapeLeft UIInterfaceOrientationLandscapeRight";
				INFOPLIST_KEY_UISupportedInterfaceOrientations_iPhone = "UIInterfaceOrientationPortrait UIInterfaceOrientationLandscapeLeft UIInterfaceOrientationLandscapeRight";
				IPHONEOS_DEPLOYMENT_TARGET = 14.0;
				LD_RUNPATH_SEARCH_PATHS = (
					"$(inherited)",
					"@executable_path/Frameworks",
				);
				MARKETING_VERSION = 1.0;
				PRODUCT_BUNDLE_IDENTIFIER = "com.islomiddinagzamov.Phone-Marketplace--test-";
				PRODUCT_NAME = "$(TARGET_NAME)";
				SWIFT_EMIT_LOC_STRINGS = YES;
				SWIFT_VERSION = 5.0;
				TARGETED_DEVICE_FAMILY = "1,2";
			};
			name = Release;
		};
/* End XCBuildConfiguration section */

/* Begin XCConfigurationList section */
		C0B40A4C2941F98E00A1FDFB /* Build configuration list for PBXProject "Phone Marketplace (test)" */ = {
			isa = XCConfigurationList;
			buildConfigurations = (
				C0B40A632941F98F00A1FDFB /* Debug */,
				C0B40A642941F98F00A1FDFB /* Release */,
			);
			defaultConfigurationIsVisible = 0;
			defaultConfigurationName = Release;
		};
		C0B40A652941F98F00A1FDFB /* Build configuration list for PBXNativeTarget "Phone Marketplace (test)" */ = {
			isa = XCConfigurationList;
			buildConfigurations = (
				C0B40A662941F98F00A1FDFB /* Debug */,
				C0B40A672941F98F00A1FDFB /* Release */,
			);
			defaultConfigurationIsVisible = 0;
			defaultConfigurationName = Release;
		};
/* End XCConfigurationList section */

/* Begin XCRemoteSwiftPackageReference section */
		C0B40A682941FD1000A1FDFB /* XCRemoteSwiftPackageReference "NYKit" */ = {
			isa = XCRemoteSwiftPackageReference;
			repositoryURL = "https://github.com/nodir-y/NYKit.git";
			requirement = {
				branch = main;
				kind = branch;
			};
		};
/* End XCRemoteSwiftPackageReference section */

/* Begin XCSwiftPackageProductDependency section */
		C0B40A692941FD1000A1FDFB /* NYKit */ = {
			isa = XCSwiftPackageProductDependency;
			package = C0B40A682941FD1000A1FDFB /* XCRemoteSwiftPackageReference "NYKit" */;
			productName = NYKit;
		};
/* End XCSwiftPackageProductDependency section */
	};
	rootObject = C0B40A492941F98E00A1FDFB /* Project object */;
}
